
Microsoft Visual Studio Solution File, Format Version 12.00
# Visual Studio Version 16
VisualStudioVersion = 16.0.29613.14
MinimumVisualStudioVersion = 10.0.40219.1
Project("{FAE04EC0-301F-11D3-BF4B-00C04F79EFBC}") = "WebAPIDEMO", "WebAPIDEMO\WebAPIDEMO.csproj", "{99C692AD-8473-4A3F-B1AA-276FAF202CD0}"
EndProject
Project("{FAE04EC0-301F-11D3-BF4B-00C04F79EFBC}") = "UserDataAccess", "UserDataAccess\UserDataAccess.csproj", "{6FAB007C-C91F-4C8D-B0DC-B2B01B10AA82}"
EndProject
Project("{FAE04EC0-301F-11D3-BF4B-00C04F79EFBC}") = "ClientApplication", "ClientApplication\ClientApplication.csproj", "{74598F3C-60D1-452A-80E4-50FFD8A4835B}"
EndProject
Global
	GlobalSection(SolutionConfigurationPlatforms) = preSolution
		Debug|Any CPU = Debug|Any CPU
		Release|Any CPU = Release|Any CPU
	EndGlobalSection
	GlobalSection(ProjectConfigurationPlatforms) = postSolution
		{99C692AD-8473-4A3F-B1AA-276FAF202CD0}.Debug|Any CPU.ActiveCfg = Debug|Any CPU
		{99C692AD-8473-4A3F-B1AA-276FAF202CD0}.Debug|Any CPU.Build.0 = Debug|Any CPU
		{99C692AD-8473-4A3F-B1AA-276FAF202CD0}.Release|Any CPU.ActiveCfg = Release|Any CPU
		{99C692AD-8473-4A3F-B1AA-276FAF202CD0}.Release|Any CPU.Build.0 = Release|Any CPU
		{6FAB007C-C91F-4C8D-B0DC-B2B01B10AA82}.Debug|Any CPU.ActiveCfg = Debug|Any CPU
		{6FAB007C-C91F-4C8D-B0DC-B2B01B10AA82}.Debug|Any CPU.Build.0 = Debug|Any CPU
		{6FAB007C-C91F-4C8D-B0DC-B2B01B10AA82}.Release|Any CPU.ActiveCfg = Release|Any CPU
		{6FAB007C-C91F-4C8D-B0DC-B2B01B10AA82}.Release|Any CPU.Build.0 = Release|Any CPU
		{74598F3C-60D1-452A-80E4-50FFD8A4835B}.Debug|Any CPU.ActiveCfg = Debug|Any CPU
		{74598F3C-60D1-452A-80E4-50FFD8A4835B}.Debug|Any CPU.Build.0 = Debug|Any CPU
		{74598F3C-60D1-452A-80E4-50FFD8A4835B}.Release|Any CPU.ActiveCfg = Release|Any CPU
		{74598F3C-60D1-452A-80E4-50FFD8A4835B}.Release|Any CPU.Build.0 = Release|Any CPU
	EndGlobalSection
	GlobalSection(SolutionProperties) = preSolution
		HideSolutionNode = FALSE
	EndGlobalSection
	GlobalSection(ExtensibilityGlobals) = postSolution
		SolutionGuid = {94E0AABA-8689-409F-9691-5CB833FF3E3B}
	EndGlobalSection
EndGlobal
